// !$*UTF8*$!
{
	archiveVersion = 1;
	classes = {
	};
	objectVersion = 46;
	objects = {

/* Begin PBXBuildFile section */
		AC9B7E7A1B734E720007EE7F /* TEST5.MP4 in Resources */ = {isa = PBXBuildFile; fileRef = AC9B7E791B734E720007EE7F /* TEST5.MP4 */; };
		ACAC4C751B74513D0080CE4B /* TEST6.MP4 in Resources */ = {isa = PBXBuildFile; fileRef = ACAC4C741B74513D0080CE4B /* TEST6.MP4 */; };
		ACAC4C7A1B7480AD0080CE4B /* TEST7.MP4 in Resources */ = {isa = PBXBuildFile; fileRef = ACAC4C791B7480AD0080CE4B /* TEST7.MP4 */; };
		ACAC4C7C1B7498F60080CE4B /* TEST8.MP4 in Resources */ = {isa = PBXBuildFile; fileRef = ACAC4C7B1B7498F60080CE4B /* TEST8.MP4 */; };
		ACAC4C7E1B749D050080CE4B /* TEST9.MP4 in Resources */ = {isa = PBXBuildFile; fileRef = ACAC4C7D1B749D050080CE4B /* TEST9.MP4 */; };
		ACF7BF8F1B5E0DB20033AC28 /* main.m in Sources */ = {isa = PBXBuildFile; fileRef = ACF7BF8E1B5E0DB20033AC28 /* main.m */; };
		ACF7BF921B5E0DB20033AC28 /* AppDelegate.m in Sources */ = {isa = PBXBuildFile; fileRef = ACF7BF911B5E0DB20033AC28 /* AppDelegate.m */; };
		ACF7BF951B5E0DB20033AC28 /* ViewController.m in Sources */ = {isa = PBXBuildFile; fileRef = ACF7BF941B5E0DB20033AC28 /* ViewController.m */; };
		ACF7BF981B5E0DB20033AC28 /* Main.storyboard in Resources */ = {isa = PBXBuildFile; fileRef = ACF7BF961B5E0DB20033AC28 /* Main.storyboard */; };
		ACF7BF9A1B5E0DB20033AC28 /* Images.xcassets in Resources */ = {isa = PBXBuildFile; fileRef = ACF7BF991B5E0DB20033AC28 /* Images.xcassets */; };
		ACF7BF9D1B5E0DB20033AC28 /* LaunchScreen.xib in Resources */ = {isa = PBXBuildFile; fileRef = ACF7BF9B1B5E0DB20033AC28 /* LaunchScreen.xib */; };
		ACF7BFA91B5E0DB20033AC28 /* H264DemoTests.m in Sources */ = {isa = PBXBuildFile; fileRef = ACF7BFA81B5E0DB20033AC28 /* H264DemoTests.m */; };
		ACF7BFB91B5E0E600033AC28 /* libavcodec.a in Frameworks */ = {isa = PBXBuildFile; fileRef = ACF7BFB31B5E0E600033AC28 /* libavcodec.a */; };
		ACF7BFBA1B5E0E600033AC28 /* libavdevice.a in Frameworks */ = {isa = PBXBuildFile; fileRef = ACF7BFB41B5E0E600033AC28 /* libavdevice.a */; };
		ACF7BFBB1B5E0E600033AC28 /* libavformat.a in Frameworks */ = {isa = PBXBuildFile; fileRef = ACF7BFB51B5E0E600033AC28 /* libavformat.a */; };
		ACF7BFBC1B5E0E600033AC28 /* libavutil.a in Frameworks */ = {isa = PBXBuildFile; fileRef = ACF7BFB61B5E0E600033AC28 /* libavutil.a */; };
		ACF7BFBD1B5E0E600033AC28 /* libswresample.a in Frameworks */ = {isa = PBXBuildFile; fileRef = ACF7BFB71B5E0E600033AC28 /* libswresample.a */; };
		ACF7BFBE1B5E0E600033AC28 /* libswscale.a in Frameworks */ = {isa = PBXBuildFile; fileRef = ACF7BFB81B5E0E600033AC28 /* libswscale.a */; };
		ACF7BFC01B5E0E6C0033AC28 /* ffmpeg_include in Resources */ = {isa = PBXBuildFile; fileRef = ACF7BFBF1B5E0E6C0033AC28 /* ffmpeg_include */; };
		ACF7BFC31B5E0FF30033AC28 /* libiconv.dylib in Frameworks */ = {isa = PBXBuildFile; fileRef = ACF7BFC21B5E0FF30033AC28 /* libiconv.dylib */; };
		ACF7BFC51B5E10050033AC28 /* libz.dylib in Frameworks */ = {isa = PBXBuildFile; fileRef = ACF7BFC41B5E10050033AC28 /* libz.dylib */; };
		ACF7BFC71B5E10160033AC28 /* libbz2.dylib in Frameworks */ = {isa = PBXBuildFile; fileRef = ACF7BFC61B5E10160033AC28 /* libbz2.dylib */; };
		ACF7BFCA1B5E10800033AC28 /* VideoFrameExtractor.m in Sources */ = {isa = PBXBuildFile; fileRef = ACF7BFC91B5E10800033AC28 /* VideoFrameExtractor.m */; };
		ACF7BFCD1B5E17510033AC28 /* DocumentPathClass.m in Sources */ = {isa = PBXBuildFile; fileRef = ACF7BFCC1B5E17510033AC28 /* DocumentPathClass.m */; };
/* End PBXBuildFile section */

/* Begin PBXContainerItemProxy section */
		ACF7BFA31B5E0DB20033AC28 /* PBXContainerItemProxy */ = {
			isa = PBXContainerItemProxy;
			containerPortal = ACF7BF811B5E0DB20033AC28 /* Project object */;
			proxyType = 1;
			remoteGlobalIDString = ACF7BF881B5E0DB20033AC28;
			remoteInfo = H264Demo;
		};
/* End PBXContainerItemProxy section */

/* Begin PBXFileReference section */
		AC9B7E791B734E720007EE7F /* TEST5.MP4 */ = {isa = PBXFileReference; lastKnownFileType = file; path = TEST5.MP4; sourceTree = "<group>"; };
		ACAC4C741B74513D0080CE4B /* TEST6.MP4 */ = {isa = PBXFileReference; lastKnownFileType = file; path = TEST6.MP4; sourceTree = "<group>"; };
		ACAC4C791B7480AD0080CE4B /* TEST7.MP4 */ = {isa = PBXFileReference; lastKnownFileType = file; path = TEST7.MP4; sourceTree = "<group>"; };
		ACAC4C7B1B7498F60080CE4B /* TEST8.MP4 */ = {isa = PBXFileReference; lastKnownFileType = file; path = TEST8.MP4; sourceTree = "<group>"; };
		ACAC4C7D1B749D050080CE4B /* TEST9.MP4 */ = {isa = PBXFileReference; lastKnownFileType = file; path = TEST9.MP4; sourceTree = "<group>"; };
		ACF7BF891B5E0DB20033AC28 /* H264Demo.app */ = {isa = PBXFileReference; explicitFileType = wrapper.application; includeInIndex = 0; path = H264Demo.app; sourceTree = BUILT_PRODUCTS_DIR; };
		ACF7BF8D1B5E0DB20033AC28 /* Info.plist */ = {isa = PBXFileReference; lastKnownFileType = text.plist.xml; path = Info.plist; sourceTree = "<group>"; };
		ACF7BF8E1B5E0DB20033AC28 /* main.m */ = {isa = PBXFileReference; lastKnownFileType = sourcecode.c.objc; path = main.m; sourceTree = "<group>"; };
		ACF7BF901B5E0DB20033AC28 /* AppDelegate.h */ = {isa = PBXFileReference; lastKnownFileType = sourcecode.c.h; path = AppDelegate.h; sourceTree = "<group>"; };
		ACF7BF911B5E0DB20033AC28 /* AppDelegate.m */ = {isa = PBXFileReference; lastKnownFileType = sourcecode.c.objc; path = AppDelegate.m; sourceTree = "<group>"; };
		ACF7BF931B5E0DB20033AC28 /* ViewController.h */ = {isa = PBXFileReference; lastKnownFileType = sourcecode.c.h; path = ViewController.h; sourceTree = "<group>"; };
		ACF7BF941B5E0DB20033AC28 /* ViewController.m */ = {isa = PBXFileReference; lastKnownFileType = sourcecode.c.objc; path = ViewController.m; sourceTree = "<group>"; };
		ACF7BF971B5E0DB20033AC28 /* Base */ = {isa = PBXFileReference; lastKnownFileType = file.storyboard; name = Base; path = Base.lproj/Main.storyboard; sourceTree = "<group>"; };
		ACF7BF991B5E0DB20033AC28 /* Images.xcassets */ = {isa = PBXFileReference; lastKnownFileType = folder.assetcatalog; path = Images.xcassets; sourceTree = "<group>"; };
		ACF7BF9C1B5E0DB20033AC28 /* Base */ = {isa = PBXFileReference; lastKnownFileType = file.xib; name = Base; path = Base.lproj/LaunchScreen.xib; sourceTree = "<group>"; };
		ACF7BFA21B5E0DB20033AC28 /* H264DemoTests.xctest */ = {isa = PBXFileReference; explicitFileType = wrapper.cfbundle; includeInIndex = 0; path = H264DemoTests.xctest; sourceTree = BUILT_PRODUCTS_DIR; };
		ACF7BFA71B5E0DB20033AC28 /* Info.plist */ = {isa = PBXFileReference; lastKnownFileType = text.plist.xml; path = Info.plist; sourceTree = "<group>"; };
		ACF7BFA81B5E0DB20033AC28 /* H264DemoTests.m */ = {isa = PBXFileReference; lastKnownFileType = sourcecode.c.objc; path = H264DemoTests.m; sourceTree = "<group>"; };
		ACF7BFB31B5E0E600033AC28 /* libavcodec.a */ = {isa = PBXFileReference; lastKnownFileType = archive.ar; name = libavcodec.a; path = ffmpeg_lib/libavcodec.a; sourceTree = "<group>"; };
		ACF7BFB41B5E0E600033AC28 /* libavdevice.a */ = {isa = PBXFileReference; lastKnownFileType = archive.ar; name = libavdevice.a; path = ffmpeg_lib/libavdevice.a; sourceTree = "<group>"; };
		ACF7BFB51B5E0E600033AC28 /* libavformat.a */ = {isa = PBXFileReference; lastKnownFileType = archive.ar; name = libavformat.a; path = ffmpeg_lib/libavformat.a; sourceTree = "<group>"; };
		ACF7BFB61B5E0E600033AC28 /* libavutil.a */ = {isa = PBXFileReference; lastKnownFileType = archive.ar; name = libavutil.a; path = ffmpeg_lib/libavutil.a; sourceTree = "<group>"; };
		ACF7BFB71B5E0E600033AC28 /* libswresample.a */ = {isa = PBXFileReference; lastKnownFileType = archive.ar; name = libswresample.a; path = ffmpeg_lib/libswresample.a; sourceTree = "<group>"; };
		ACF7BFB81B5E0E600033AC28 /* libswscale.a */ = {isa = PBXFileReference; lastKnownFileType = archive.ar; name = libswscale.a; path = ffmpeg_lib/libswscale.a; sourceTree = "<group>"; };
		ACF7BFBF1B5E0E6C0033AC28 /* ffmpeg_include */ = {isa = PBXFileReference; lastKnownFileType = folder; path = ffmpeg_include; sourceTree = "<group>"; };
		ACF7BFC21B5E0FF30033AC28 /* libiconv.dylib */ = {isa = PBXFileReference; lastKnownFileType = "compiled.mach-o.dylib"; name = libiconv.dylib; path = usr/lib/libiconv.dylib; sourceTree = SDKROOT; };
		ACF7BFC41B5E10050033AC28 /* libz.dylib */ = {isa = PBXFileReference; lastKnownFileType = "compiled.mach-o.dylib"; name = libz.dylib; path = usr/lib/libz.dylib; sourceTree = SDKROOT; };
		ACF7BFC61B5E10160033AC28 /* libbz2.dylib */ = {isa = PBXFileReference; lastKnownFileType = "compiled.mach-o.dylib"; name = libbz2.dylib; path = usr/lib/libbz2.dylib; sourceTree = SDKROOT; };
		ACF7BFC81B5E10800033AC28 /* VideoFrameExtractor.h */ = {isa = PBXFileReference; fileEncoding = 4; lastKnownFileType = sourcecode.c.h; path = VideoFrameExtractor.h; sourceTree = "<group>"; };
		ACF7BFC91B5E10800033AC28 /* VideoFrameExtractor.m */ = {isa = PBXFileReference; fileEncoding = 4; lastKnownFileType = sourcecode.c.objc; path = VideoFrameExtractor.m; sourceTree = "<group>"; };
		ACF7BFCB1B5E17510033AC28 /* DocumentPathClass.h */ = {isa = PBXFileReference; fileEncoding = 4; lastKnownFileType = sourcecode.c.h; path = DocumentPathClass.h; sourceTree = "<group>"; };
		ACF7BFCC1B5E17510033AC28 /* DocumentPathClass.m */ = {isa = PBXFileReference; fileEncoding = 4; lastKnownFileType = sourcecode.c.objc; path = DocumentPathClass.m; sourceTree = "<group>"; };
/* End PBXFileReference section */

/* Begin PBXFrameworksBuildPhase section */
		ACF7BF861B5E0DB20033AC28 /* Frameworks */ = {
			isa = PBXFrameworksBuildPhase;
			buildActionMask = 2147483647;
			files = (
				ACF7BFC71B5E10160033AC28 /* libbz2.dylib in Frameworks */,
				ACF7BFC51B5E10050033AC28 /* libz.dylib in Frameworks */,
				ACF7BFC31B5E0FF30033AC28 /* libiconv.dylib in Frameworks */,
				ACF7BFB91B5E0E600033AC28 /* libavcodec.a in Frameworks */,
				ACF7BFBA1B5E0E600033AC28 /* libavdevice.a in Frameworks */,
				ACF7BFBB1B5E0E600033AC28 /* libavformat.a in Frameworks */,
				ACF7BFBC1B5E0E600033AC28 /* libavutil.a in Frameworks */,
				ACF7BFBD1B5E0E600033AC28 /* libswresample.a in Frameworks */,
				ACF7BFBE1B5E0E600033AC28 /* libswscale.a in Frameworks */,
			);
			runOnlyForDeploymentPostprocessing = 0;
		};
		ACF7BF9F1B5E0DB20033AC28 /* Frameworks */ = {
			isa = PBXFrameworksBuildPhase;
			buildActionMask = 2147483647;
			files = (
			);
			runOnlyForDeploymentPostprocessing = 0;
		};
/* End PBXFrameworksBuildPhase section */

/* Begin PBXGroup section */
		ACEEE5E01B65D1B3006EE2E1 /* Source */ = {
			isa = PBXGroup;
			children = (
				ACAC4C7D1B749D050080CE4B /* TEST9.MP4 */,
				ACAC4C7B1B7498F60080CE4B /* TEST8.MP4 */,
				ACAC4C791B7480AD0080CE4B /* TEST7.MP4 */,
				ACAC4C741B74513D0080CE4B /* TEST6.MP4 */,
				AC9B7E791B734E720007EE7F /* TEST5.MP4 */,
			);
			name = Source;
			sourceTree = "<group>";
		};
		ACF7BF801B5E0DB20033AC28 = {
			isa = PBXGroup;
			children = (
				ACF7BFC61B5E10160033AC28 /* libbz2.dylib */,
				ACF7BFC41B5E10050033AC28 /* libz.dylib */,
				ACF7BFC21B5E0FF30033AC28 /* libiconv.dylib */,
				ACF7BF8B1B5E0DB20033AC28 /* H264Demo */,
				ACF7BFA51B5E0DB20033AC28 /* H264DemoTests */,
				ACF7BF8A1B5E0DB20033AC28 /* Products */,
			);
			sourceTree = "<group>";
		};
		ACF7BF8A1B5E0DB20033AC28 /* Products */ = {
			isa = PBXGroup;
			children = (
				ACF7BF891B5E0DB20033AC28 /* H264Demo.app */,
				ACF7BFA21B5E0DB20033AC28 /* H264DemoTests.xctest */,
			);
			name = Products;
			sourceTree = "<group>";
		};
		ACF7BF8B1B5E0DB20033AC28 /* H264Demo */ = {
			isa = PBXGroup;
			children = (
				ACEEE5E01B65D1B3006EE2E1 /* Source */,
				ACF7BFC11B5E0E770033AC28 /* ffmpeg_lib */,
				ACF7BFBF1B5E0E6C0033AC28 /* ffmpeg_include */,
				ACF7BF901B5E0DB20033AC28 /* AppDelegate.h */,
				ACF7BF911B5E0DB20033AC28 /* AppDelegate.m */,
				ACF7BF931B5E0DB20033AC28 /* ViewController.h */,
				ACF7BF941B5E0DB20033AC28 /* ViewController.m */,
				ACF7BFC81B5E10800033AC28 /* VideoFrameExtractor.h */,
				ACF7BFC91B5E10800033AC28 /* VideoFrameExtractor.m */,
				ACF7BFCB1B5E17510033AC28 /* DocumentPathClass.h */,
				ACF7BFCC1B5E17510033AC28 /* DocumentPathClass.m */,
				ACF7BF961B5E0DB20033AC28 /* Main.storyboard */,
				ACF7BF991B5E0DB20033AC28 /* Images.xcassets */,
				ACF7BF9B1B5E0DB20033AC28 /* LaunchScreen.xib */,
				ACF7BF8C1B5E0DB20033AC28 /* Supporting Files */,
			);
			path = H264Demo;
			sourceTree = "<group>";
		};
		ACF7BF8C1B5E0DB20033AC28 /* Supporting Files */ = {
			isa = PBXGroup;
			children = (
				ACF7BF8D1B5E0DB20033AC28 /* Info.plist */,
				ACF7BF8E1B5E0DB20033AC28 /* main.m */,
			);
			name = "Supporting Files";
			sourceTree = "<group>";
		};
		ACF7BFA51B5E0DB20033AC28 /* H264DemoTests */ = {
			isa = PBXGroup;
			children = (
				ACF7BFA81B5E0DB20033AC28 /* H264DemoTests.m */,
				ACF7BFA61B5E0DB20033AC28 /* Supporting Files */,
			);
			path = H264DemoTests;
			sourceTree = "<group>";
		};
		ACF7BFA61B5E0DB20033AC28 /* Supporting Files */ = {
			isa = PBXGroup;
			children = (
				ACF7BFA71B5E0DB20033AC28 /* Info.plist */,
			);
			name = "Supporting Files";
			sourceTree = "<group>";
		};
		ACF7BFC11B5E0E770033AC28 /* ffmpeg_lib */ = {
			isa = PBXGroup;
			children = (
				ACF7BFB31B5E0E600033AC28 /* libavcodec.a */,
				ACF7BFB41B5E0E600033AC28 /* libavdevice.a */,
				ACF7BFB51B5E0E600033AC28 /* libavformat.a */,
				ACF7BFB61B5E0E600033AC28 /* libavutil.a */,
				ACF7BFB71B5E0E600033AC28 /* libswresample.a */,
				ACF7BFB81B5E0E600033AC28 /* libswscale.a */,
			);
			name = ffmpeg_lib;
			sourceTree = "<group>";
		};
/* End PBXGroup section */

/* Begin PBXNativeTarget section */
		ACF7BF881B5E0DB20033AC28 /* H264Demo */ = {
			isa = PBXNativeTarget;
			buildConfigurationList = ACF7BFAC1B5E0DB20033AC28 /* Build configuration list for PBXNativeTarget "H264Demo" */;
			buildPhases = (
				ACF7BF851B5E0DB20033AC28 /* Sources */,
				ACF7BF861B5E0DB20033AC28 /* Frameworks */,
				ACF7BF871B5E0DB20033AC28 /* Resources */,
			);
			buildRules = (
			);
			dependencies = (
			);
			name = H264Demo;
			productName = H264Demo;
			productReference = ACF7BF891B5E0DB20033AC28 /* H264Demo.app */;
			productType = "com.apple.product-type.application";
		};
		ACF7BFA11B5E0DB20033AC28 /* H264DemoTests */ = {
			isa = PBXNativeTarget;
			buildConfigurationList = ACF7BFAF1B5E0DB20033AC28 /* Build configuration list for PBXNativeTarget "H264DemoTests" */;
			buildPhases = (
				ACF7BF9E1B5E0DB20033AC28 /* Sources */,
				ACF7BF9F1B5E0DB20033AC28 /* Frameworks */,
				ACF7BFA01B5E0DB20033AC28 /* Resources */,
			);
			buildRules = (
			);
			dependencies = (
				ACF7BFA41B5E0DB20033AC28 /* PBXTargetDependency */,
			);
			name = H264DemoTests;
			productName = H264DemoTests;
			productReference = ACF7BFA21B5E0DB20033AC28 /* H264DemoTests.xctest */;
			productType = "com.apple.product-type.bundle.unit-test";
		};
/* End PBXNativeTarget section */

/* Begin PBXProject section */
		ACF7BF811B5E0DB20033AC28 /* Project object */ = {
			isa = PBXProject;
			attributes = {
				LastUpgradeCheck = 0640;
				ORGANIZATIONNAME = B1403001;
				TargetAttributes = {
					ACF7BF881B5E0DB20033AC28 = {
						CreatedOnToolsVersion = 6.4;
					};
					ACF7BFA11B5E0DB20033AC28 = {
						CreatedOnToolsVersion = 6.4;
						TestTargetID = ACF7BF881B5E0DB20033AC28;
					};
				};
			};
			buildConfigurationList = ACF7BF841B5E0DB20033AC28 /* Build configuration list for PBXProject "H264Demo" */;
			compatibilityVersion = "Xcode 3.2";
			developmentRegion = English;
			hasScannedForEncodings = 0;
			knownRegions = (
				en,
				Base,
			);
			mainGroup = ACF7BF801B5E0DB20033AC28;
			productRefGroup = ACF7BF8A1B5E0DB20033AC28 /* Products */;
			projectDirPath = "";
			projectRoot = "";
			targets = (
				ACF7BF881B5E0DB20033AC28 /* H264Demo */,
				ACF7BFA11B5E0DB20033AC28 /* H264DemoTests */,
			);
		};
/* End PBXProject section */

/* Begin PBXResourcesBuildPhase section */
		ACF7BF871B5E0DB20033AC28 /* Resources */ = {
			isa = PBXResourcesBuildPhase;
			buildActionMask = 2147483647;
			files = (
				AC9B7E7A1B734E720007EE7F /* TEST5.MP4 in Resources */,
				ACAC4C7E1B749D050080CE4B /* TEST9.MP4 in Resources */,
				ACF7BF981B5E0DB20033AC28 /* Main.storyboard in Resources */,
				ACAC4C7C1B7498F60080CE4B /* TEST8.MP4 in Resources */,
				ACAC4C7A1B7480AD0080CE4B /* TEST7.MP4 in Resources */,
				ACAC4C751B74513D0080CE4B /* TEST6.MP4 in Resources */,
				ACF7BF9D1B5E0DB20033AC28 /* LaunchScreen.xib in Resources */,
				ACF7BFC01B5E0E6C0033AC28 /* ffmpeg_include in Resources */,
				ACF7BF9A1B5E0DB20033AC28 /* Images.xcassets in Resources */,
			);
			runOnlyForDeploymentPostprocessing = 0;
		};
		ACF7BFA01B5E0DB20033AC28 /* Resources */ = {
			isa = PBXResourcesBuildPhase;
			buildActionMask = 2147483647;
			files = (
			);
			runOnlyForDeploymentPostprocessing = 0;
		};
/* End PBXResourcesBuildPhase section */

/* Begin PBXSourcesBuildPhase section */
		ACF7BF851B5E0DB20033AC28 /* Sources */ = {
			isa = PBXSourcesBuildPhase;
			buildActionMask = 2147483647;
			files = (
				ACF7BF951B5E0DB20033AC28 /* ViewController.m in Sources */,
				ACF7BF921B5E0DB20033AC28 /* AppDelegate.m in Sources */,
				ACF7BFCA1B5E10800033AC28 /* VideoFrameExtractor.m in Sources */,
				ACF7BF8F1B5E0DB20033AC28 /* main.m in Sources */,
				ACF7BFCD1B5E17510033AC28 /* DocumentPathClass.m in Sources */,
			);
			runOnlyForDeploymentPostprocessing = 0;
		};
		ACF7BF9E1B5E0DB20033AC28 /* Sources */ = {
			isa = PBXSourcesBuildPhase;
			buildActionMask = 2147483647;
			files = (
				ACF7BFA91B5E0DB20033AC28 /* H264DemoTests.m in Sources */,
			);
			runOnlyForDeploymentPostprocessing = 0;
		};
/* End PBXSourcesBuildPhase section */

/* Begin PBXTargetDependency section */
		ACF7BFA41B5E0DB20033AC28 /* PBXTargetDependency */ = {
			isa = PBXTargetDependency;
			target = ACF7BF881B5E0DB20033AC28 /* H264Demo */;
			targetProxy = ACF7BFA31B5E0DB20033AC28 /* PBXContainerItemProxy */;
		};
/* End PBXTargetDependency section */

/* Begin PBXVariantGroup section */
		ACF7BF961B5E0DB20033AC28 /* Main.storyboard */ = {
			isa = PBXVariantGroup;
			children = (
				ACF7BF971B5E0DB20033AC28 /* Base */,
			);
			name = Main.storyboard;
			sourceTree = "<group>";
		};
		ACF7BF9B1B5E0DB20033AC28 /* LaunchScreen.xib */ = {
			isa = PBXVariantGroup;
			children = (
				ACF7BF9C1B5E0DB20033AC28 /* Base */,
			);
			name = LaunchScreen.xib;
			sourceTree = "<group>";
		};
/* End PBXVariantGroup section */

/* Begin XCBuildConfiguration section */
		ACF7BFAA1B5E0DB20033AC28 /* Debug */ = {
			isa = XCBuildConfiguration;
			buildSettings = {
				ALWAYS_SEARCH_USER_PATHS = NO;
				CLANG_CXX_LANGUAGE_STANDARD = "gnu++0x";
				CLANG_CXX_LIBRARY = "libc++";
				CLANG_ENABLE_MODULES = YES;
				CLANG_ENABLE_OBJC_ARC = YES;
				CLANG_WARN_BOOL_CONVERSION = YES;
				CLANG_WARN_CONSTANT_CONVERSION = YES;
				CLANG_WARN_DIRECT_OBJC_ISA_USAGE = YES_ERROR;
				CLANG_WARN_EMPTY_BODY = YES;
				CLANG_WARN_ENUM_CONVERSION = YES;
				CLANG_WARN_INT_CONVERSION = YES;
				CLANG_WARN_OBJC_ROOT_CLASS = YES_ERROR;
				CLANG_WARN_UNREACHABLE_CODE = YES;
				CLANG_WARN__DUPLICATE_METHOD_MATCH = YES;
				"CODE_SIGN_IDENTITY[sdk=iphoneos*]" = "iPhone Developer";
				COPY_PHASE_STRIP = NO;
				DEBUG_INFORMATION_FORMAT = "dwarf-with-dsym";
				ENABLE_STRICT_OBJC_MSGSEND = YES;
				GCC_C_LANGUAGE_STANDARD = gnu99;
				GCC_DYNAMIC_NO_PIC = NO;
				GCC_NO_COMMON_BLOCKS = YES;
				GCC_OPTIMIZATION_LEVEL = 0;
				GCC_PREPROCESSOR_DEFINITIONS = (
					"DEBUG=1",
					"$(inherited)",
				);
				GCC_SYMBOLS_PRIVATE_EXTERN = NO;
				GCC_WARN_64_TO_32_BIT_CONVERSION = YES;
				GCC_WARN_ABOUT_RETURN_TYPE = YES_ERROR;
				GCC_WARN_UNDECLARED_SELECTOR = YES;
				GCC_WARN_UNINITIALIZED_AUTOS = YES_AGGRESSIVE;
				GCC_WARN_UNUSED_FUNCTION = YES;
				GCC_WARN_UNUSED_VARIABLE = YES;
				IPHONEOS_DEPLOYMENT_TARGET = 8.4;
				MTL_ENABLE_DEBUG_INFO = YES;
				ONLY_ACTIVE_ARCH = YES;
				SDKROOT = iphoneos;
			};
			name = Debug;
		};
		ACF7BFAB1B5E0DB20033AC28 /* Release */ = {
			isa = XCBuildConfiguration;
			buildSettings = {
				ALWAYS_SEARCH_USER_PATHS = NO;
				CLANG_CXX_LANGUAGE_STANDARD = "gnu++0x";
				CLANG_CXX_LIBRARY = "libc++";
				CLANG_ENABLE_MODULES = YES;
				CLANG_ENABLE_OBJC_ARC = YES;
				CLANG_WARN_BOOL_CONVERSION = YES;
				CLANG_WARN_CONSTANT_CONVERSION = YES;
				CLANG_WARN_DIRECT_OBJC_ISA_USAGE = YES_ERROR;
				CLANG_WARN_EMPTY_BODY = YES;
				CLANG_WARN_ENUM_CONVERSION = YES;
				CLANG_WARN_INT_CONVERSION = YES;
				CLANG_WARN_OBJC_ROOT_CLASS = YES_ERROR;
				CLANG_WARN_UNREACHABLE_CODE = YES;
				CLANG_WARN__DUPLICATE_METHOD_MATCH = YES;
				"CODE_SIGN_IDENTITY[sdk=iphoneos*]" = "iPhone Developer";
				COPY_PHASE_STRIP = NO;
				DEBUG_INFORMATION_FORMAT = "dwarf-with-dsym";
				ENABLE_NS_ASSERTIONS = NO;
				ENABLE_STRICT_OBJC_MSGSEND = YES;
				GCC_C_LANGUAGE_STANDARD = gnu99;
				GCC_NO_COMMON_BLOCKS = YES;
				GCC_WARN_64_TO_32_BIT_CONVERSION = YES;
				GCC_WARN_ABOUT_RETURN_TYPE = YES_ERROR;
				GCC_WARN_UNDECLARED_SELECTOR = YES;
				GCC_WARN_UNINITIALIZED_AUTOS = YES_AGGRESSIVE;
				GCC_WARN_UNUSED_FUNCTION = YES;
				GCC_WARN_UNUSED_VARIABLE = YES;
				IPHONEOS_DEPLOYMENT_TARGET = 8.4;
				MTL_ENABLE_DEBUG_INFO = NO;
				SDKROOT = iphoneos;
				VALIDATE_PRODUCT = YES;
			};
			name = Release;
		};
		ACF7BFAD1B5E0DB20033AC28 /* Debug */ = {
			isa = XCBuildConfiguration;
			buildSettings = {
				ASSETCATALOG_COMPILER_APPICON_NAME = AppIcon;
				CODE_SIGN_IDENTITY = "iPhone Developer: 文裕 Lai (2JBHKSS6KV)";
				HEADER_SEARCH_PATHS = (
					"$(inherited)",
					/Applications/Xcode.app/Contents/Developer/Toolchains/XcodeDefault.xctoolchain/usr/include,
					"\"$(PROJECT_DIR)/H264Demo/ffmpeg_include\"",
				);
				INFOPLIST_FILE = H264Demo/Info.plist;
				LD_RUNPATH_SEARCH_PATHS = "$(inherited) @executable_path/Frameworks";
				LIBRARY_SEARCH_PATHS = (
					"$(inherited)",
					"$(PROJECT_DIR)/H264Demo/ffmpeg_lib",
					"$(PROJECT_DIR)/H264Demo",
				);
				PRODUCT_NAME = "$(TARGET_NAME)";
				PROVISIONING_PROFILE = "e91123e2-a69e-4769-9d9d-b6c88d515104";
			};
			name = Debug;
		};
		ACF7BFAE1B5E0DB20033AC28 /* Release */ = {
			isa = XCBuildConfiguration;
			buildSettings = {
				ASSETCATALOG_COMPILER_APPICON_NAME = AppIcon;
				CODE_SIGN_IDENTITY = "iPhone Developer: 文裕 Lai (2JBHKSS6KV)";
				HEADER_SEARCH_PATHS = (
					"$(inherited)",
					/Applications/Xcode.app/Contents/Developer/Toolchains/XcodeDefault.xctoolchain/usr/include,
					"\"$(PROJECT_DIR)/H264Demo/ffmpeg_include\"",
				);
				INFOPLIST_FILE = H264Demo/Info.plist;
				LD_RUNPATH_SEARCH_PATHS = "$(inherited) @executable_path/Frameworks";
				LIBRARY_SEARCH_PATHS = (
					"$(inherited)",
					"$(PROJECT_DIR)/H264Demo/ffmpeg_lib",
					"$(PROJECT_DIR)/H264Demo",
				);
				PRODUCT_NAME = "$(TARGET_NAME)";
				PROVISIONING_PROFILE = "e91123e2-a69e-4769-9d9d-b6c88d515104";
			};
			name = Release;
		};
		ACF7BFB01B5E0DB20033AC28 /* Debug */ = {
			isa = XCBuildConfiguration;
			buildSettings = {
				BUNDLE_LOADER = "$(TEST_HOST)";
				FRAMEWORK_SEARCH_PATHS = (
					"$(SDKROOT)/Developer/Library/Frameworks",
					"$(inherited)",
				);
				GCC_PREPROCESSOR_DEFINITIONS = (
					"DEBUG=1",
					"$(inherited)",
				);
				INFOPLIST_FILE = H264DemoTests/Info.plist;
				LD_RUNPATH_SEARCH_PATHS = "$(inherited) @executable_path/Frameworks @loader_path/Frameworks";
				PRODUCT_NAME = "$(TARGET_NAME)";
				TEST_HOST = "$(BUILT_PRODUCTS_DIR)/H264Demo.app/H264Demo";
			};
			name = Debug;
		};
		ACF7BFB11B5E0DB20033AC28 /* Release */ = {
			isa = XCBuildConfiguration;
			buildSettings = {
				BUNDLE_LOADER = "$(TEST_HOST)";
				FRAMEWORK_SEARCH_PATHS = (
					"$(SDKROOT)/Developer/Library/Frameworks",
					"$(inherited)",
				);
				INFOPLIST_FILE = H264DemoTests/Info.plist;
				LD_RUNPATH_SEARCH_PATHS = "$(inherited) @executable_path/Frameworks @loader_path/Frameworks";
				PRODUCT_NAME = "$(TARGET_NAME)";
				TEST_HOST = "$(BUILT_PRODUCTS_DIR)/H264Demo.app/H264Demo";
			};
			name = Release;
		};
/* End XCBuildConfiguration section */

/* Begin XCConfigurationList section */
		ACF7BF841B5E0DB20033AC28 /* Build configuration list for PBXProject "H264Demo" */ = {
			isa = XCConfigurationList;
			buildConfigurations = (
				ACF7BFAA1B5E0DB20033AC28 /* Debug */,
				ACF7BFAB1B5E0DB20033AC28 /* Release */,
			);
			defaultConfigurationIsVisible = 0;
			defaultConfigurationName = Release;
		};
		ACF7BFAC1B5E0DB20033AC28 /* Build configuration list for PBXNativeTarget "H264Demo" */ = {
			isa = XCConfigurationList;
			buildConfigurations = (
				ACF7BFAD1B5E0DB20033AC28 /* Debug */,
				ACF7BFAE1B5E0DB20033AC28 /* Release */,
			);
			defaultConfigurationIsVisible = 0;
			defaultConfigurationName = Release;
		};
		ACF7BFAF1B5E0DB20033AC28 /* Build configuration list for PBXNativeTarget "H264DemoTests" */ = {
			isa = XCConfigurationList;
			buildConfigurations = (
				ACF7BFB01B5E0DB20033AC28 /* Debug */,
				ACF7BFB11B5E0DB20033AC28 /* Release */,
			);
			defaultConfigurationIsVisible = 0;
			defaultConfigurationName = Release;
		};
/* End XCConfigurationList section */
	};
	rootObject = ACF7BF811B5E0DB20033AC28 /* Project object */;
}
